{
  "originHash" : "ee25a8e9c002af0a4b9a1ffe9f7038a1921f7116dcbc0ca948212123f10b5e47",
  "pins" : [
    {
      "identity" : "swift-http-structured-headers",
      "kind" : "remoteSourceControl",
      "location" : "https://github.com/apple/swift-http-structured-headers.git",
      "state" : {
        "revision" : "933538faa42c432d385f02e07df0ace7c5ecfc47",
        "version" : "1.7.0"
      }
    },
    {
      "identity" : "swift-property-list",
      "kind" : "remoteSourceControl",
      "location" : "https://github.com/sinoru/swift-property-list.git",
      "state" : {
        "revision" : "332bf0076cb35054bdf9e468aa765400d3e5ef2f",
        "version" : "0.0.1"
      }
    },
    {
      "identity" : "swift-synchronization-kit",
      "kind" : "remoteSourceControl",
      "location" : "https://github.com/sinoru/swift-synchronization-kit.git",
      "state" : {
        "revision" : "edbc49f6ffff044a8d6986df1dae40cdc22038d5",
        "version" : "0.0.3"
      }
    },
    {
      "identity" : "swift-user-defaults-kit",
      "kind" : "remoteSourceControl",
      "location" : "https://github.com/sinoru/swift-user-defaults-kit.git",
      "state" : {
        "revision" : "0f5e2c3df3ec87214bac7066a708f3b6938b2a08",
        "version" : "0.0.2"
      }
    }
  ],
  "version" : 3
}
